// !$*UTF8*$!
{
	archiveVersion = 1;
	classes = {
	};
	objectVersion = 55;
	objects = {

/* Begin PBXBuildFile section */
		7201E911273A3F080041B39B /* AppDelegate.swift in Sources */ = {isa = PBXBuildFile; fileRef = 7201E910273A3F080041B39B /* AppDelegate.swift */; };
		7201E913273A3F080041B39B /* SceneDelegate.swift in Sources */ = {isa = PBXBuildFile; fileRef = 7201E912273A3F080041B39B /* SceneDelegate.swift */; };
		7201E915273A3F080041B39B /* ListViewController.swift in Sources */ = {isa = PBXBuildFile; fileRef = 7201E914273A3F080041B39B /* ListViewController.swift */; };
		7201E91A273A3F0A0041B39B /* Assets.xcassets in Resources */ = {isa = PBXBuildFile; fileRef = 7201E919273A3F0A0041B39B /* Assets.xcassets */; };
		7201E91D273A3F0A0041B39B /* LaunchScreen.storyboard in Resources */ = {isa = PBXBuildFile; fileRef = 7201E91B273A3F0A0041B39B /* LaunchScreen.storyboard */; };
		72466BE92777DD5400FEB20A /* UIViewController+Extensions.swift in Sources */ = {isa = PBXBuildFile; fileRef = 72466BE82777DD5400FEB20A /* UIViewController+Extensions.swift */; };
		72466BEB2778121C00FEB20A /* CGFloat+Extensions.swift in Sources */ = {isa = PBXBuildFile; fileRef = 72466BEA2778121C00FEB20A /* CGFloat+Extensions.swift */; };
		72466BED2778123300FEB20A /* AirportsTableViewCell.swift in Sources */ = {isa = PBXBuildFile; fileRef = 72466BEC2778123300FEB20A /* AirportsTableViewCell.swift */; };
		72466BEF2778125900FEB20A /* AirportCellModel.swift in Sources */ = {isa = PBXBuildFile; fileRef = 72466BEE2778125900FEB20A /* AirportCellModel.swift */; };
		7258BAB9273A699F005E9CAC /* AirportService.swift in Sources */ = {isa = PBXBuildFile; fileRef = 7258BAB8273A699F005E9CAC /* AirportService.swift */; };
		7258BABC273A6A31005E9CAC /* Airport.swift in Sources */ = {isa = PBXBuildFile; fileRef = 7258BABB273A6A31005E9CAC /* Airport.swift */; };
		7258BABE273A6B02005E9CAC /* WebServiceError.swift in Sources */ = {isa = PBXBuildFile; fileRef = 7258BABD273A6B02005E9CAC /* WebServiceError.swift */; };
		7258BAC0273A6B30005E9CAC /* WebService.swift in Sources */ = {isa = PBXBuildFile; fileRef = 7258BABF273A6B30005E9CAC /* WebService.swift */; };
		7258BAC2273A7D59005E9CAC /* RequestConvertible.swift in Sources */ = {isa = PBXBuildFile; fileRef = 7258BAC1273A7D59005E9CAC /* RequestConvertible.swift */; };
		7258BAC5273A9876005E9CAC /* AirportServiceTests.swift in Sources */ = {isa = PBXBuildFile; fileRef = 7258BAC4273A9876005E9CAC /* AirportServiceTests.swift */; };
		7258BAC8273A9D15005E9CAC /* ListViewModel.swift in Sources */ = {isa = PBXBuildFile; fileRef = 7258BAC7273A9D15005E9CAC /* ListViewModel.swift */; };
		7258BACA273AA1C1005E9CAC /* ListViewModelTests.swift in Sources */ = {isa = PBXBuildFile; fileRef = 7258BAC9273AA1C1005E9CAC /* ListViewModelTests.swift */; };
		7258BACD273AA1F1005E9CAC /* AirportsData.json in Resources */ = {isa = PBXBuildFile; fileRef = 7258BACC273AA1F1005E9CAC /* AirportsData.json */; };
		7258BACF273AA361005E9CAC /* Mocks.swift in Sources */ = {isa = PBXBuildFile; fileRef = 7258BACE273AA361005E9CAC /* Mocks.swift */; };
		7258BAD6273C774E005E9CAC /* Strings.swift in Sources */ = {isa = PBXBuildFile; fileRef = 7258BAD5273C774E005E9CAC /* Strings.swift */; };
/* End PBXBuildFile section */

/* Begin PBXContainerItemProxy section */
		7201E92C273A3F540041B39B /* PBXContainerItemProxy */ = {
			isa = PBXContainerItemProxy;
			containerPortal = 7201E905273A3F070041B39B /* Project object */;
			proxyType = 1;
			remoteGlobalIDString = 7201E90C273A3F080041B39B;
			remoteInfo = AirportList;
		};
/* End PBXContainerItemProxy section */

/* Begin PBXFileReference section */
		7201E90D273A3F080041B39B /* AirportList.app */ = {isa = PBXFileReference; explicitFileType = wrapper.application; includeInIndex = 0; path = AirportList.app; sourceTree = BUILT_PRODUCTS_DIR; };
		7201E910273A3F080041B39B /* AppDelegate.swift */ = {isa = PBXFileReference; lastKnownFileType = sourcecode.swift; path = AppDelegate.swift; sourceTree = "<group>"; };
		7201E912273A3F080041B39B /* SceneDelegate.swift */ = {isa = PBXFileReference; lastKnownFileType = sourcecode.swift; path = SceneDelegate.swift; sourceTree = "<group>"; };
		7201E914273A3F080041B39B /* ListViewController.swift */ = {isa = PBXFileReference; lastKnownFileType = sourcecode.swift; path = ListViewController.swift; sourceTree = "<group>"; };
		7201E919273A3F0A0041B39B /* Assets.xcassets */ = {isa = PBXFileReference; lastKnownFileType = folder.assetcatalog; path = Assets.xcassets; sourceTree = "<group>"; };
		7201E91C273A3F0A0041B39B /* Base */ = {isa = PBXFileReference; lastKnownFileType = file.storyboard; name = Base; path = Base.lproj/LaunchScreen.storyboard; sourceTree = "<group>"; };
		7201E91E273A3F0A0041B39B /* Info.plist */ = {isa = PBXFileReference; lastKnownFileType = text.plist.xml; path = Info.plist; sourceTree = "<group>"; };
		7201E928273A3F540041B39B /* AirportListTests.xctest */ = {isa = PBXFileReference; explicitFileType = wrapper.cfbundle; includeInIndex = 0; path = AirportListTests.xctest; sourceTree = BUILT_PRODUCTS_DIR; };
		72466BE82777DD5400FEB20A /* UIViewController+Extensions.swift */ = {isa = PBXFileReference; lastKnownFileType = sourcecode.swift; path = "UIViewController+Extensions.swift"; sourceTree = "<group>"; };
		72466BEA2778121C00FEB20A /* CGFloat+Extensions.swift */ = {isa = PBXFileReference; fileEncoding = 4; lastKnownFileType = sourcecode.swift; path = "CGFloat+Extensions.swift"; sourceTree = "<group>"; };
		72466BEC2778123300FEB20A /* AirportsTableViewCell.swift */ = {isa = PBXFileReference; fileEncoding = 4; lastKnownFileType = sourcecode.swift; path = AirportsTableViewCell.swift; sourceTree = "<group>"; };
		72466BEE2778125900FEB20A /* AirportCellModel.swift */ = {isa = PBXFileReference; fileEncoding = 4; lastKnownFileType = sourcecode.swift; path = AirportCellModel.swift; sourceTree = "<group>"; };
		7258BAB8273A699F005E9CAC /* AirportService.swift */ = {isa = PBXFileReference; lastKnownFileType = sourcecode.swift; path = AirportService.swift; sourceTree = "<group>"; };
		7258BABB273A6A31005E9CAC /* Airport.swift */ = {isa = PBXFileReference; lastKnownFileType = sourcecode.swift; path = Airport.swift; sourceTree = "<group>"; };
		7258BABD273A6B02005E9CAC /* WebServiceError.swift */ = {isa = PBXFileReference; lastKnownFileType = sourcecode.swift; path = WebServiceError.swift; sourceTree = "<group>"; };
		7258BABF273A6B30005E9CAC /* WebService.swift */ = {isa = PBXFileReference; lastKnownFileType = sourcecode.swift; path = WebService.swift; sourceTree = "<group>"; };
		7258BAC1273A7D59005E9CAC /* RequestConvertible.swift */ = {isa = PBXFileReference; lastKnownFileType = sourcecode.swift; path = RequestConvertible.swift; sourceTree = "<group>"; };
		7258BAC4273A9876005E9CAC /* AirportServiceTests.swift */ = {isa = PBXFileReference; lastKnownFileType = sourcecode.swift; path = AirportServiceTests.swift; sourceTree = "<group>"; };
		7258BAC7273A9D15005E9CAC /* ListViewModel.swift */ = {isa = PBXFileReference; lastKnownFileType = sourcecode.swift; path = ListViewModel.swift; sourceTree = "<group>"; };
		7258BAC9273AA1C1005E9CAC /* ListViewModelTests.swift */ = {isa = PBXFileReference; lastKnownFileType = sourcecode.swift; path = ListViewModelTests.swift; sourceTree = "<group>"; };
		7258BACC273AA1F1005E9CAC /* AirportsData.json */ = {isa = PBXFileReference; fileEncoding = 4; lastKnownFileType = text.json; path = AirportsData.json; sourceTree = "<group>"; };
		7258BACE273AA361005E9CAC /* Mocks.swift */ = {isa = PBXFileReference; lastKnownFileType = sourcecode.swift; path = Mocks.swift; sourceTree = "<group>"; };
		7258BAD5273C774E005E9CAC /* Strings.swift */ = {isa = PBXFileReference; lastKnownFileType = sourcecode.swift; path = Strings.swift; sourceTree = "<group>"; };
/* End PBXFileReference section */

/* Begin PBXFrameworksBuildPhase section */
		7201E90A273A3F080041B39B /* Frameworks */ = {
			isa = PBXFrameworksBuildPhase;
			buildActionMask = 2147483647;
			files = (
			);
			runOnlyForDeploymentPostprocessing = 0;
		};
		7201E925273A3F540041B39B /* Frameworks */ = {
			isa = PBXFrameworksBuildPhase;
			buildActionMask = 2147483647;
			files = (
			);
			runOnlyForDeploymentPostprocessing = 0;
		};
/* End PBXFrameworksBuildPhase section */

/* Begin PBXGroup section */
		7201E904273A3F070041B39B = {
			isa = PBXGroup;
			children = (
				7201E90F273A3F080041B39B /* AirportList */,
				7201E929273A3F540041B39B /* AirportListTests */,
				7201E90E273A3F080041B39B /* Products */,
			);
			sourceTree = "<group>";
		};
		7201E90E273A3F080041B39B /* Products */ = {
			isa = PBXGroup;
			children = (
				7201E90D273A3F080041B39B /* AirportList.app */,
				7201E928273A3F540041B39B /* AirportListTests.xctest */,
			);
			name = Products;
			sourceTree = "<group>";
		};
		7201E90F273A3F080041B39B /* AirportList */ = {
			isa = PBXGroup;
			children = (
				7201E910273A3F080041B39B /* AppDelegate.swift */,
				7201E912273A3F080041B39B /* SceneDelegate.swift */,
				72466BE72777DD2B00FEB20A /* Extensions */,
				7258BAB6273A6886005E9CAC /* Views */,
				7258BAC6273A9CF2005E9CAC /* ViewModels */,
				7258BAB7273A68B5005E9CAC /* Services */,
				7258BABA273A6A18005E9CAC /* Models */,
				7258BAD4273C773D005E9CAC /* Resources */,
				7201E919273A3F0A0041B39B /* Assets.xcassets */,
				7201E91B273A3F0A0041B39B /* LaunchScreen.storyboard */,
				7201E91E273A3F0A0041B39B /* Info.plist */,
			);
			path = AirportList;
			sourceTree = "<group>";
		};
		7201E929273A3F540041B39B /* AirportListTests */ = {
			isa = PBXGroup;
			children = (
				7258BACB273AA1E8005E9CAC /* Mocks */,
				7258BAC4273A9876005E9CAC /* AirportServiceTests.swift */,
				7258BAC9273AA1C1005E9CAC /* ListViewModelTests.swift */,
			);
			path = AirportListTests;
			sourceTree = "<group>";
		};
		72466BE72777DD2B00FEB20A /* Extensions */ = {
			isa = PBXGroup;
			children = (
				72466BE82777DD5400FEB20A /* UIViewController+Extensions.swift */,
				72466BEA2778121C00FEB20A /* CGFloat+Extensions.swift */,
			);
			path = Extensions;
			sourceTree = "<group>";
		};
		7258BAB6273A6886005E9CAC /* Views */ = {
			isa = PBXGroup;
			children = (
				7201E914273A3F080041B39B /* ListViewController.swift */,
				72466BEC2778123300FEB20A /* AirportsTableViewCell.swift */,
			);
			path = Views;
			sourceTree = "<group>";
		};
		7258BAB7273A68B5005E9CAC /* Services */ = {
			isa = PBXGroup;
			children = (
				7258BAC3273A875E005E9CAC /* Base */,
				7258BAB8273A699F005E9CAC /* AirportService.swift */,
			);
			path = Services;
			sourceTree = "<group>";
		};
		7258BABA273A6A18005E9CAC /* Models */ = {
			isa = PBXGroup;
			children = (
				7258BABB273A6A31005E9CAC /* Airport.swift */,
			);
			path = Models;
			sourceTree = "<group>";
		};
		7258BAC3273A875E005E9CAC /* Base */ = {
			isa = PBXGroup;
			children = (
				7258BABD273A6B02005E9CAC /* WebServiceError.swift */,
				7258BABF273A6B30005E9CAC /* WebService.swift */,
				7258BAC1273A7D59005E9CAC /* RequestConvertible.swift */,
			);
			path = Base;
			sourceTree = "<group>";
		};
		7258BAC6273A9CF2005E9CAC /* ViewModels */ = {
			isa = PBXGroup;
			children = (
				7258BAC7273A9D15005E9CAC /* ListViewModel.swift */,
				72466BEE2778125900FEB20A /* AirportCellModel.swift */,
			);
			path = ViewModels;
			sourceTree = "<group>";
		};
		7258BACB273AA1E8005E9CAC /* Mocks */ = {
			isa = PBXGroup;
			children = (
				7258BACC273AA1F1005E9CAC /* AirportsData.json */,
				7258BACE273AA361005E9CAC /* Mocks.swift */,
			);
			path = Mocks;
			sourceTree = "<group>";
		};
		7258BAD4273C773D005E9CAC /* Resources */ = {
			isa = PBXGroup;
			children = (
				7258BAD5273C774E005E9CAC /* Strings.swift */,
			);
			path = Resources;
			sourceTree = "<group>";
		};
/* End PBXGroup section */

/* Begin PBXNativeTarget section */
		7201E90C273A3F080041B39B /* AirportList */ = {
			isa = PBXNativeTarget;
			buildConfigurationList = 7201E921273A3F0A0041B39B /* Build configuration list for PBXNativeTarget "AirportList" */;
			buildPhases = (
				7201E909273A3F080041B39B /* Sources */,
				7201E90A273A3F080041B39B /* Frameworks */,
				7201E90B273A3F080041B39B /* Resources */,
			);
			buildRules = (
			);
			dependencies = (
			);
			name = AirportList;
			productName = AirportList;
			productReference = 7201E90D273A3F080041B39B /* AirportList.app */;
			productType = "com.apple.product-type.application";
		};
		7201E927273A3F540041B39B /* AirportListTests */ = {
			isa = PBXNativeTarget;
			buildConfigurationList = 7201E92E273A3F540041B39B /* Build configuration list for PBXNativeTarget "AirportListTests" */;
			buildPhases = (
				7201E924273A3F540041B39B /* Sources */,
				7201E925273A3F540041B39B /* Frameworks */,
				7201E926273A3F540041B39B /* Resources */,
			);
			buildRules = (
			);
			dependencies = (
				7201E92D273A3F540041B39B /* PBXTargetDependency */,
			);
			name = AirportListTests;
			productName = AirportListTests;
			productReference = 7201E928273A3F540041B39B /* AirportListTests.xctest */;
			productType = "com.apple.product-type.bundle.unit-test";
		};
/* End PBXNativeTarget section */

/* Begin PBXProject section */
		7201E905273A3F070041B39B /* Project object */ = {
			isa = PBXProject;
			attributes = {
				BuildIndependentTargetsInParallel = 1;
				LastSwiftUpdateCheck = 1310;
				LastUpgradeCheck = 1310;
				TargetAttributes = {
					7201E90C273A3F080041B39B = {
						CreatedOnToolsVersion = 13.1;
					};
					7201E927273A3F540041B39B = {
						CreatedOnToolsVersion = 13.1;
						TestTargetID = 7201E90C273A3F080041B39B;
					};
				};
			};
			buildConfigurationList = 7201E908273A3F070041B39B /* Build configuration list for PBXProject "AirportList" */;
			compatibilityVersion = "Xcode 13.0";
			developmentRegion = en;
			hasScannedForEncodings = 0;
			knownRegions = (
				en,
				Base,
			);
			mainGroup = 7201E904273A3F070041B39B;
			productRefGroup = 7201E90E273A3F080041B39B /* Products */;
			projectDirPath = "";
			projectRoot = "";
			targets = (
				7201E90C273A3F080041B39B /* AirportList */,
				7201E927273A3F540041B39B /* AirportListTests */,
			);
		};
/* End PBXProject section */

/* Begin PBXResourcesBuildPhase section */
		7201E90B273A3F080041B39B /* Resources */ = {
			isa = PBXResourcesBuildPhase;
			buildActionMask = 2147483647;
			files = (
				7201E91D273A3F0A0041B39B /* LaunchScreen.storyboard in Resources */,
				7201E91A273A3F0A0041B39B /* Assets.xcassets in Resources */,
			);
			runOnlyForDeploymentPostprocessing = 0;
		};
		7201E926273A3F540041B39B /* Resources */ = {
			isa = PBXResourcesBuildPhase;
			buildActionMask = 2147483647;
			files = (
				7258BACD273AA1F1005E9CAC /* AirportsData.json in Resources */,
			);
			runOnlyForDeploymentPostprocessing = 0;
		};
/* End PBXResourcesBuildPhase section */

/* Begin PBXSourcesBuildPhase section */
		7201E909273A3F080041B39B /* Sources */ = {
			isa = PBXSourcesBuildPhase;
			buildActionMask = 2147483647;
			files = (
				7258BABC273A6A31005E9CAC /* Airport.swift in Sources */,
				72466BEF2778125900FEB20A /* AirportCellModel.swift in Sources */,
				7258BAC2273A7D59005E9CAC /* RequestConvertible.swift in Sources */,
				7258BAD6273C774E005E9CAC /* Strings.swift in Sources */,
				7258BABE273A6B02005E9CAC /* WebServiceError.swift in Sources */,
				7258BAC0273A6B30005E9CAC /* WebService.swift in Sources */,
				7201E915273A3F080041B39B /* ListViewController.swift in Sources */,
				72466BE92777DD5400FEB20A /* UIViewController+Extensions.swift in Sources */,
				7258BAC8273A9D15005E9CAC /* ListViewModel.swift in Sources */,
				72466BED2778123300FEB20A /* AirportsTableViewCell.swift in Sources */,
				7258BAB9273A699F005E9CAC /* AirportService.swift in Sources */,
				7201E911273A3F080041B39B /* AppDelegate.swift in Sources */,
				72466BEB2778121C00FEB20A /* CGFloat+Extensions.swift in Sources */,
				7201E913273A3F080041B39B /* SceneDelegate.swift in Sources */,
			);
			runOnlyForDeploymentPostprocessing = 0;
		};
		7201E924273A3F540041B39B /* Sources */ = {
			isa = PBXSourcesBuildPhase;
			buildActionMask = 2147483647;
			files = (
				7258BACA273AA1C1005E9CAC /* ListViewModelTests.swift in Sources */,
				7258BAC5273A9876005E9CAC /* AirportServiceTests.swift in Sources */,
				7258BACF273AA361005E9CAC /* Mocks.swift in Sources */,
			);
			runOnlyForDeploymentPostprocessing = 0;
		};
/* End PBXSourcesBuildPhase section */

/* Begin PBXTargetDependency section */
		7201E92D273A3F540041B39B /* PBXTargetDependency */ = {
			isa = PBXTargetDependency;
			target = 7201E90C273A3F080041B39B /* AirportList */;
			targetProxy = 7201E92C273A3F540041B39B /* PBXContainerItemProxy */;
		};
/* End PBXTargetDependency section */

/* Begin PBXVariantGroup section */
		7201E91B273A3F0A0041B39B /* LaunchScreen.storyboard */ = {
			isa = PBXVariantGroup;
			children = (
				7201E91C273A3F0A0041B39B /* Base */,
			);
			name = LaunchScreen.storyboard;
			sourceTree = "<group>";
		};
/* End PBXVariantGroup section */

/* Begin XCBuildConfiguration section */
		7201E91F273A3F0A0041B39B /* Debug */ = {
			isa = XCBuildConfiguration;
			buildSettings = {
				ALWAYS_SEARCH_USER_PATHS = NO;
				CLANG_ANALYZER_NONNULL = YES;
				CLANG_ANALYZER_NUMBER_OBJECT_CONVERSION = YES_AGGRESSIVE;
				CLANG_CXX_LANGUAGE_STANDARD = "gnu++17";
				CLANG_CXX_LIBRARY = "libc++";
				CLANG_ENABLE_MODULES = YES;
				CLANG_ENABLE_OBJC_ARC = YES;
				CLANG_ENABLE_OBJC_WEAK = YES;
				CLANG_WARN_BLOCK_CAPTURE_AUTORELEASING = YES;
				CLANG_WARN_BOOL_CONVERSION = YES;
				CLANG_WARN_COMMA = YES;
				CLANG_WARN_CONSTANT_CONVERSION = YES;
				CLANG_WARN_DEPRECATED_OBJC_IMPLEMENTATIONS = YES;
				CLANG_WARN_DIRECT_OBJC_ISA_USAGE = YES_ERROR;
				CLANG_WARN_DOCUMENTATION_COMMENTS = YES;
				CLANG_WARN_EMPTY_BODY = YES;
				CLANG_WARN_ENUM_CONVERSION = YES;
				CLANG_WARN_INFINITE_RECURSION = YES;
				CLANG_WARN_INT_CONVERSION = YES;
				CLANG_WARN_NON_LITERAL_NULL_CONVERSION = YES;
				CLANG_WARN_OBJC_IMPLICIT_RETAIN_SELF = YES;
				CLANG_WARN_OBJC_LITERAL_CONVERSION = YES;
				CLANG_WARN_OBJC_ROOT_CLASS = YES_ERROR;
				CLANG_WARN_QUOTED_INCLUDE_IN_FRAMEWORK_HEADER = YES;
				CLANG_WARN_RANGE_LOOP_ANALYSIS = YES;
				CLANG_WARN_STRICT_PROTOTYPES = YES;
				CLANG_WARN_SUSPICIOUS_MOVE = YES;
				CLANG_WARN_UNGUARDED_AVAILABILITY = YES_AGGRESSIVE;
				CLANG_WARN_UNREACHABLE_CODE = YES;
				CLANG_WARN__DUPLICATE_METHOD_MATCH = YES;
				COPY_PHASE_STRIP = NO;
				DEBUG_INFORMATION_FORMAT = dwarf;
				ENABLE_STRICT_OBJC_MSGSEND = YES;
				ENABLE_TESTABILITY = YES;
				GCC_C_LANGUAGE_STANDARD = gnu11;
				GCC_DYNAMIC_NO_PIC = NO;
				GCC_NO_COMMON_BLOCKS = YES;
				GCC_OPTIMIZATION_LEVEL = 0;
				GCC_PREPROCESSOR_DEFINITIONS = (
					"DEBUG=1",
					"$(inherited)",
				);
				GCC_WARN_64_TO_32_BIT_CONVERSION = YES;
				GCC_WARN_ABOUT_RETURN_TYPE = YES_ERROR;
				GCC_WARN_UNDECLARED_SELECTOR = YES;
				GCC_WARN_UNINITIALIZED_AUTOS = YES_AGGRESSIVE;
				GCC_WARN_UNUSED_FUNCTION = YES;
				GCC_WARN_UNUSED_VARIABLE = YES;
				IPHONEOS_DEPLOYMENT_TARGET = 15.0;
				MTL_ENABLE_DEBUG_INFO = INCLUDE_SOURCE;
				MTL_FAST_MATH = YES;
				ONLY_ACTIVE_ARCH = YES;
				SDKROOT = iphoneos;
				SWIFT_ACTIVE_COMPILATION_CONDITIONS = DEBUG;
				SWIFT_OPTIMIZATION_LEVEL = "-Onone";
			};
			name = Debug;
		};
		7201E920273A3F0A0041B39B /* Release */ = {
			isa = XCBuildConfiguration;
			buildSettings = {
				ALWAYS_SEARCH_USER_PATHS = NO;
				CLANG_ANALYZER_NONNULL = YES;
				CLANG_ANALYZER_NUMBER_OBJECT_CONVERSION = YES_AGGRESSIVE;
				CLANG_CXX_LANGUAGE_STANDARD = "gnu++17";
				CLANG_CXX_LIBRARY = "libc++";
				CLANG_ENABLE_MODULES = YES;
				CLANG_ENABLE_OBJC_ARC = YES;
				CLANG_ENABLE_OBJC_WEAK = YES;
				CLANG_WARN_BLOCK_CAPTURE_AUTORELEASING = YES;
				CLANG_WARN_BOOL_CONVERSION = YES;
				CLANG_WARN_COMMA = YES;
				CLANG_WARN_CONSTANT_CONVERSION = YES;
				CLANG_WARN_DEPRECATED_OBJC_IMPLEMENTATIONS = YES;
				CLANG_WARN_DIRECT_OBJC_ISA_USAGE = YES_ERROR;
				CLANG_WARN_DOCUMENTATION_COMMENTS = YES;
				CLANG_WARN_EMPTY_BODY = YES;
				CLANG_WARN_ENUM_CONVERSION = YES;
				CLANG_WARN_INFINITE_RECURSION = YES;
				CLANG_WARN_INT_CONVERSION = YES;
				CLANG_WARN_NON_LITERAL_NULL_CONVERSION = YES;
				CLANG_WARN_OBJC_IMPLICIT_RETAIN_SELF = YES;
				CLANG_WARN_OBJC_LITERAL_CONVERSION = YES;
				CLANG_WARN_OBJC_ROOT_CLASS = YES_ERROR;
				CLANG_WARN_QUOTED_INCLUDE_IN_FRAMEWORK_HEADER = YES;
				CLANG_WARN_RANGE_LOOP_ANALYSIS = YES;
				CLANG_WARN_STRICT_PROTOTYPES = YES;
				CLANG_WARN_SUSPICIOUS_MOVE = YES;
				CLANG_WARN_UNGUARDED_AVAILABILITY = YES_AGGRESSIVE;
				CLANG_WARN_UNREACHABLE_CODE = YES;
				CLANG_WARN__DUPLICATE_METHOD_MATCH = YES;
				COPY_PHASE_STRIP = NO;
				DEBUG_INFORMATION_FORMAT = "dwarf-with-dsym";
				ENABLE_NS_ASSERTIONS = NO;
				ENABLE_STRICT_OBJC_MSGSEND = YES;
				GCC_C_LANGUAGE_STANDARD = gnu11;
				GCC_NO_COMMON_BLOCKS = YES;
				GCC_WARN_64_TO_32_BIT_CONVERSION = YES;
				GCC_WARN_ABOUT_RETURN_TYPE = YES_ERROR;
				GCC_WARN_UNDECLARED_SELECTOR = YES;
				GCC_WARN_UNINITIALIZED_AUTOS = YES_AGGRESSIVE;
				GCC_WARN_UNUSED_FUNCTION = YES;
				GCC_WARN_UNUSED_VARIABLE = YES;
				IPHONEOS_DEPLOYMENT_TARGET = 15.0;
				MTL_ENABLE_DEBUG_INFO = NO;
				MTL_FAST_MATH = YES;
				SDKROOT = iphoneos;
				SWIFT_COMPILATION_MODE = wholemodule;
				SWIFT_OPTIMIZATION_LEVEL = "-O";
				VALIDATE_PRODUCT = YES;
			};
			name = Release;
		};
		7201E922273A3F0A0041B39B /* Debug */ = {
			isa = XCBuildConfiguration;
			buildSettings = {
				ASSETCATALOG_COMPILER_APPICON_NAME = AppIcon;
				ASSETCATALOG_COMPILER_GLOBAL_ACCENT_COLOR_NAME = AccentColor;
				CODE_SIGN_STYLE = Automatic;
				CURRENT_PROJECT_VERSION = 1;
				GENERATE_INFOPLIST_FILE = YES;
				INFOPLIST_FILE = AirportList/Info.plist;
				INFOPLIST_KEY_UIApplicationSupportsIndirectInputEvents = YES;
				INFOPLIST_KEY_UILaunchStoryboardName = LaunchScreen;
				INFOPLIST_KEY_UISupportedInterfaceOrientations_iPad = "UIInterfaceOrientationPortrait UIInterfaceOrientationPortraitUpsideDown UIInterfaceOrientationLandscapeLeft UIInterfaceOrientationLandscapeRight";
				INFOPLIST_KEY_UISupportedInterfaceOrientations_iPhone = "UIInterfaceOrientationPortrait UIInterfaceOrientationLandscapeLeft UIInterfaceOrientationLandscapeRight";
				LD_RUNPATH_SEARCH_PATHS = (
					"$(inherited)",
					"@executable_path/Frameworks",
				);
				MARKETING_VERSION = 1.0;
				PRODUCT_BUNDLE_IDENTIFIER = info.salarymate.AirportList;
				PRODUCT_NAME = "$(TARGET_NAME)";
				SWIFT_EMIT_LOC_STRINGS = YES;
				SWIFT_VERSION = 5.0;
				TARGETED_DEVICE_FAMILY = "1,2";
			};
			name = Debug;
		};
		7201E923273A3F0A0041B39B /* Release */ = {
			isa = XCBuildConfiguration;
			buildSettings = {
				ASSETCATALOG_COMPILER_APPICON_NAME = AppIcon;
				ASSETCATALOG_COMPILER_GLOBAL_ACCENT_COLOR_NAME = AccentColor;
				CODE_SIGN_STYLE = Automatic;
				CURRENT_PROJECT_VERSION = 1;
				GENERATE_INFOPLIST_FILE = YES;
				INFOPLIST_FILE = AirportList/Info.plist;
				INFOPLIST_KEY_UIApplicationSupportsIndirectInputEvents = YES;
				INFOPLIST_KEY_UILaunchStoryboardName = LaunchScreen;
				INFOPLIST_KEY_UISupportedInterfaceOrientations_iPad = "UIInterfaceOrientationPortrait UIInterfaceOrientationPortraitUpsideDown UIInterfaceOrientationLandscapeLeft UIInterfaceOrientationLandscapeRight";
				INFOPLIST_KEY_UISupportedInterfaceOrientations_iPhone = "UIInterfaceOrientationPortrait UIInterfaceOrientationLandscapeLeft UIInterfaceOrientationLandscapeRight";
				LD_RUNPATH_SEARCH_PATHS = (
					"$(inherited)",
					"@executable_path/Frameworks",
				);
				MARKETING_VERSION = 1.0;
				PRODUCT_BUNDLE_IDENTIFIER = info.salarymate.AirportList;
				PRODUCT_NAME = "$(TARGET_NAME)";
				SWIFT_EMIT_LOC_STRINGS = YES;
				SWIFT_VERSION = 5.0;
				TARGETED_DEVICE_FAMILY = "1,2";
			};
			name = Release;
		};
		7201E92F273A3F540041B39B /* Debug */ = {
			isa = XCBuildConfiguration;
			buildSettings = {
				BUNDLE_LOADER = "$(TEST_HOST)";
				CODE_SIGN_STYLE = Automatic;
				CURRENT_PROJECT_VERSION = 1;
				GENERATE_INFOPLIST_FILE = YES;
				LD_RUNPATH_SEARCH_PATHS = (
					"$(inherited)",
					"@executable_path/Frameworks",
					"@loader_path/Frameworks",
				);
				MARKETING_VERSION = 1.0;
				PRODUCT_BUNDLE_IDENTIFIER = info.salarymate.AirportListTests;
				PRODUCT_NAME = "$(TARGET_NAME)";
				SWIFT_EMIT_LOC_STRINGS = NO;
				SWIFT_VERSION = 5.0;
				TARGETED_DEVICE_FAMILY = "1,2";
				TEST_HOST = "$(BUILT_PRODUCTS_DIR)/AirportList.app/AirportList";
			};
			name = Debug;
		};
		7201E930273A3F540041B39B /* Release */ = {
			isa = XCBuildConfiguration;
			buildSettings = {
				BUNDLE_LOADER = "$(TEST_HOST)";
				CODE_SIGN_STYLE = Automatic;
				CURRENT_PROJECT_VERSION = 1;
				GENERATE_INFOPLIST_FILE = YES;
				LD_RUNPATH_SEARCH_PATHS = (
					"$(inherited)",
					"@executable_path/Frameworks",
					"@loader_path/Frameworks",
				);
				MARKETING_VERSION = 1.0;
				PRODUCT_BUNDLE_IDENTIFIER = info.salarymate.AirportListTests;
				PRODUCT_NAME = "$(TARGET_NAME)";
				SWIFT_EMIT_LOC_STRINGS = NO;
				SWIFT_VERSION = 5.0;
				TARGETED_DEVICE_FAMILY = "1,2";
				TEST_HOST = "$(BUILT_PRODUCTS_DIR)/AirportList.app/AirportList";
			};
			name = Release;
		};
/* End XCBuildConfiguration section */

/* Begin XCConfigurationList section */
		7201E908273A3F070041B39B /* Build configuration list for PBXProject "AirportList" */ = {
			isa = XCConfigurationList;
			buildConfigurations = (
				7201E91F273A3F0A0041B39B /* Debug */,
				7201E920273A3F0A0041B39B /* Release */,
			);
			defaultConfigurationIsVisible = 0;
			defaultConfigurationName = Release;
		};
		7201E921273A3F0A0041B39B /* Build configuration list for PBXNativeTarget "AirportList" */ = {
			isa = XCConfigurationList;
			buildConfigurations = (
				7201E922273A3F0A0041B39B /* Debug */,
				7201E923273A3F0A0041B39B /* Release */,
			);
			defaultConfigurationIsVisible = 0;
			defaultConfigurationName = Release;
		};
		7201E92E273A3F540041B39B /* Build configuration list for PBXNativeTarget "AirportListTests" */ = {
			isa = XCConfigurationList;
			buildConfigurations = (
				7201E92F273A3F540041B39B /* Debug */,
				7201E930273A3F540041B39B /* Release */,
			);
			defaultConfigurationIsVisible = 0;
			defaultConfigurationName = Release;
		};
/* End XCConfigurationList section */
	};
	rootObject = 7201E905273A3F070041B39B /* Project object */;
}
